github.com/alessiosavi/GoGPUtils v0.0.1 h1:stUuP4WVrVnILCNcdpAdypxud6KUmhmt111hPxAcT8Q=
github.com/alessiosavi/GoGPUtils v0.0.1/go.mod h1:/WmsxaSa2Mant82VFkhj8w6+iAwdgksahgsnAxJr/WM=
github.com/alessiosavi/GoGPUtils v0.0.2 h1:wsd10vlXTcaO/2cztI9bj/nai8/hNgbnPVkLouAx888=
github.com/alessiosavi/GoGPUtils v0.0.2/go.mod h1:/WmsxaSa2Mant82VFkhj8w6+iAwdgksahgsnAxJr/WM=
github.com/alessiosavi/GoGPUtils v0.0.8 h1:RWFtfM5dvduqHYZueiYVhptkGO7mYaM6ALfzjH2NoI4=
github.com/alessiosavi/GoGPUtils v0.0.8/go.mod h1:/WmsxaSa2Mant82VFkhj8w6+iAwdgksahgsnAxJr/WM=
